
Microsoft Visual Studio Solution File, Format Version 12.00
# Visual Studio Version 17
VisualStudioVersion = 17.9.34728.123
MinimumVisualStudioVersion = 10.0.40219.1
Project("{FAE04EC0-301F-11D3-BF4B-00C04F79EFBC}") = "ASY_HR_Depatment.WPFClient", "ASY_HR_Depatment.WPFClient\ASY_HR_Depatment.WPFClient.csproj", "{19B57392-750E-418E-98D4-6C14DA91D2C2}"
EndProject
Project("{FAE04EC0-301F-11D3-BF4B-00C04F79EFBC}") = "ASY_HR_Depatment.DB", "ASY_HR_Depatment.DB\ASY_HR_Depatment.DB.csproj", "{1C83C7C5-2E42-4521-ACDA-8E79D26A9E97}"
EndProject
Global
	GlobalSection(SolutionConfigurationPlatforms) = preSolution
		Debug|Any CPU = Debug|Any CPU
		Release|Any CPU = Release|Any CPU
	EndGlobalSection
	GlobalSection(ProjectConfigurationPlatforms) = postSolution
		{19B57392-750E-418E-98D4-6C14DA91D2C2}.Debug|Any CPU.ActiveCfg = Debug|Any CPU
		{19B57392-750E-418E-98D4-6C14DA91D2C2}.Debug|Any CPU.Build.0 = Debug|Any CPU
		{19B57392-750E-418E-98D4-6C14DA91D2C2}.Release|Any CPU.ActiveCfg = Release|Any CPU
		{19B57392-750E-418E-98D4-6C14DA91D2C2}.Release|Any CPU.Build.0 = Release|Any CPU
		{1C83C7C5-2E42-4521-ACDA-8E79D26A9E97}.Debug|Any CPU.ActiveCfg = Debug|Any CPU
		{1C83C7C5-2E42-4521-ACDA-8E79D26A9E97}.Debug|Any CPU.Build.0 = Debug|Any CPU
		{1C83C7C5-2E42-4521-ACDA-8E79D26A9E97}.Release|Any CPU.ActiveCfg = Release|Any CPU
		{1C83C7C5-2E42-4521-ACDA-8E79D26A9E97}.Release|Any CPU.Build.0 = Release|Any CPU
	EndGlobalSection
	GlobalSection(SolutionProperties) = preSolution
		HideSolutionNode = FALSE
	EndGlobalSection
	GlobalSection(ExtensibilityGlobals) = postSolution
		SolutionGuid = {B8376088-EDDC-4B72-9407-273405EDB856}
	EndGlobalSection
EndGlobal
